
Microsoft Visual Studio Solution File, Format Version 12.00
# Visual Studio Version 16
VisualStudioVersion = 17.0.31611.283
MinimumVisualStudioVersion = 10.0.40219.1
Project("{FAE04EC0-301F-11D3-BF4B-00C04F79EFBC}") = "ExampleApp", "ExampleApp\ExampleApp.csproj", "{1027BEF8-7394-4A23-939A-5B6BBFF2914E}"
EndProject
Project("{FAE04EC0-301F-11D3-BF4B-00C04F79EFBC}") = "BloomreachSDK", "BloomreachSDK\BloomreachSDK.csproj", "{69932396-8C47-403B-8D8C-12AB28D43EBF}"
EndProject
Project("{FAE04EC0-301F-11D3-BF4B-00C04F79EFBC}") = "BloomreachTests", "BloomreachTests\BloomreachTests.csproj", "{EC0F5FE8-D818-4605-9F46-E025D1A04EF8}"
EndProject
Global
	GlobalSection(SolutionConfigurationPlatforms) = preSolution
		Debug|Any CPU = Debug|Any CPU
		Release|Any CPU = Release|Any CPU
	EndGlobalSection
	GlobalSection(ProjectConfigurationPlatforms) = postSolution
		{1027BEF8-7394-4A23-939A-5B6BBFF2914E}.Debug|Any CPU.ActiveCfg = Debug|Any CPU
		{1027BEF8-7394-4A23-939A-5B6BBFF2914E}.Debug|Any CPU.Build.0 = Debug|Any CPU
		{1027BEF8-7394-4A23-939A-5B6BBFF2914E}.Debug|Any CPU.Deploy.0 = Debug|Any CPU
		{1027BEF8-7394-4A23-939A-5B6BBFF2914E}.Release|Any CPU.ActiveCfg = Release|Any CPU
		{1027BEF8-7394-4A23-939A-5B6BBFF2914E}.Release|Any CPU.Build.0 = Release|Any CPU
		{1027BEF8-7394-4A23-939A-5B6BBFF2914E}.Release|Any CPU.Deploy.0 = Release|Any CPU
		{69932396-8C47-403B-8D8C-12AB28D43EBF}.Debug|Any CPU.ActiveCfg = Debug|Any CPU
		{69932396-8C47-403B-8D8C-12AB28D43EBF}.Debug|Any CPU.Build.0 = Debug|Any CPU
		{69932396-8C47-403B-8D8C-12AB28D43EBF}.Release|Any CPU.ActiveCfg = Release|Any CPU
		{69932396-8C47-403B-8D8C-12AB28D43EBF}.Release|Any CPU.Build.0 = Release|Any CPU
		{EC0F5FE8-D818-4605-9F46-E025D1A04EF8}.Debug|Any CPU.ActiveCfg = Debug|Any CPU
		{EC0F5FE8-D818-4605-9F46-E025D1A04EF8}.Debug|Any CPU.Build.0 = Debug|Any CPU
		{EC0F5FE8-D818-4605-9F46-E025D1A04EF8}.Release|Any CPU.ActiveCfg = Release|Any CPU
		{EC0F5FE8-D818-4605-9F46-E025D1A04EF8}.Release|Any CPU.Build.0 = Release|Any CPU
	EndGlobalSection
	GlobalSection(SolutionProperties) = preSolution
		HideSolutionNode = FALSE
	EndGlobalSection
	GlobalSection(ExtensibilityGlobals) = postSolution
		SolutionGuid = {61F7FB11-1E47-470C-91E2-47F8143E1572}
	EndGlobalSection
	GlobalSection(MonoDevelopProperties) = preSolution
		Policies = $0
		$0.DotNetNamingPolicy = $1
		$1.DirectoryNamespaceAssociation = PrefixedHierarchical
		$0.TextStylePolicy = $2
		$2.inheritsSet = null
		$2.scope = text/x-csharp
		$0.CSharpFormattingPolicy = $3
		$3.scope = text/x-csharp
		$0.TextStylePolicy = $4
		$4.FileWidth = 80
		$4.TabsToSpaces = True
		$4.scope = text/plain
	EndGlobalSection
EndGlobal
