// !$*UTF8*$!
{
	archiveVersion = 1;
	classes = {
	};
	objectVersion = 46;
	objects = {

/* Begin PBXBuildFile section */
		550917132A8A57D100ACED6C /* Pods_ExponeaSDKMauiIOS.framework in Frameworks */ = {isa = PBXBuildFile; fileRef = E7243BC0872C273635683BD6 /* Pods_ExponeaSDKMauiIOS.framework */; };
		550917142A8A57D100ACED6C /* Pods_ExponeaSDKMauiIOS.framework in Embed Frameworks */ = {isa = PBXBuildFile; fileRef = E7243BC0872C273635683BD6 /* Pods_ExponeaSDKMauiIOS.framework */; settings = {ATTRIBUTES = (CodeSignOnCopy, RemoveHeadersOnCopy, ); }; };
		550917172A8A57FA00ACED6C /* ExponeaSDK.swift in Sources */ = {isa = PBXBuildFile; fileRef = 550917162A8A57FA00ACED6C /* ExponeaSDK.swift */; };
		550917192A8A589600ACED6C /* MethodResult.swift in Sources */ = {isa = PBXBuildFile; fileRef = 550917182A8A589600ACED6C /* MethodResult.swift */; };
		7F417BDFD795FEA740260CE9 /* ExponeaSDKMauiIOSTests.swift in Resources */ = {isa = PBXBuildFile; fileRef = 7F417D36BC03174159305655 /* ExponeaSDKMauiIOSTests.swift */; };
		7F417ECFF422ACA87385C7C5 /* ExponeaSDKMauiIOS.h in Resources */ = {isa = PBXBuildFile; fileRef = 7F417238AABE205EE8AF36A0 /* ExponeaSDKMauiIOS.h */; };
		89C2B3C398A5FEA011240FFA /* Pods_ExponeaSDKMauiIOS_ExponeaSDKMauiIOSTests.framework in Frameworks */ = {isa = PBXBuildFile; fileRef = 072B08F8ADDA0AA7FDFC7AC9 /* Pods_ExponeaSDKMauiIOS_ExponeaSDKMauiIOSTests.framework */; };
/* End PBXBuildFile section */

/* Begin PBXContainerItemProxy section */
		7F4172E559AC8A16CE636475 /* PBXContainerItemProxy */ = {
			isa = PBXContainerItemProxy;
			containerPortal = 7F41786F04E986D36BE53209 /* Project object */;
			proxyType = 1;
			remoteGlobalIDString = 7F417226E66D5529EC26EB51;
			remoteInfo = ExponeaSDKMauiIOS;
		};
/* End PBXContainerItemProxy section */

/* Begin PBXCopyFilesBuildPhase section */
		550917152A8A57D100ACED6C /* Embed Frameworks */ = {
			isa = PBXCopyFilesBuildPhase;
			buildActionMask = 2147483647;
			dstPath = "";
			dstSubfolderSpec = 10;
			files = (
				550917142A8A57D100ACED6C /* Pods_ExponeaSDKMauiIOS.framework in Embed Frameworks */,
			);
			name = "Embed Frameworks";
			runOnlyForDeploymentPostprocessing = 0;
		};
/* End PBXCopyFilesBuildPhase section */

/* Begin PBXFileReference section */
		072B08F8ADDA0AA7FDFC7AC9 /* Pods_ExponeaSDKMauiIOS_ExponeaSDKMauiIOSTests.framework */ = {isa = PBXFileReference; explicitFileType = wrapper.framework; includeInIndex = 0; path = Pods_ExponeaSDKMauiIOS_ExponeaSDKMauiIOSTests.framework; sourceTree = BUILT_PRODUCTS_DIR; };
		50802E7D0B373DAEDE7CF8D0 /* Pods-ExponeaSDKMauiIOS-ExponeaSDKMauiIOSTests.debug.xcconfig */ = {isa = PBXFileReference; includeInIndex = 1; lastKnownFileType = text.xcconfig; name = "Pods-ExponeaSDKMauiIOS-ExponeaSDKMauiIOSTests.debug.xcconfig"; path = "Target Support Files/Pods-ExponeaSDKMauiIOS-ExponeaSDKMauiIOSTests/Pods-ExponeaSDKMauiIOS-ExponeaSDKMauiIOSTests.debug.xcconfig"; sourceTree = "<group>"; };
		550917162A8A57FA00ACED6C /* ExponeaSDK.swift */ = {isa = PBXFileReference; lastKnownFileType = sourcecode.swift; path = ExponeaSDK.swift; sourceTree = "<group>"; };
		550917182A8A589600ACED6C /* MethodResult.swift */ = {isa = PBXFileReference; lastKnownFileType = sourcecode.swift; path = MethodResult.swift; sourceTree = "<group>"; };
		7F417238AABE205EE8AF36A0 /* ExponeaSDKMauiIOS.h */ = {isa = PBXFileReference; lastKnownFileType = file.h; path = ExponeaSDKMauiIOS.h; sourceTree = "<group>"; };
		7F417D36BC03174159305655 /* ExponeaSDKMauiIOSTests.swift */ = {isa = PBXFileReference; lastKnownFileType = sourcecode.swift; path = ExponeaSDKMauiIOSTests.swift; sourceTree = "<group>"; };
		7FFFEEC76A372BFF38B838A9 /* Pods-ExponeaSDKMauiIOS-ExponeaSDKMauiIOSTests.release.xcconfig */ = {isa = PBXFileReference; includeInIndex = 1; lastKnownFileType = text.xcconfig; name = "Pods-ExponeaSDKMauiIOS-ExponeaSDKMauiIOSTests.release.xcconfig"; path = "Target Support Files/Pods-ExponeaSDKMauiIOS-ExponeaSDKMauiIOSTests/Pods-ExponeaSDKMauiIOS-ExponeaSDKMauiIOSTests.release.xcconfig"; sourceTree = "<group>"; };
		8FE8DE01E475FA739E5087DA /* Pods-ExponeaSDKMauiIOS.debug.xcconfig */ = {isa = PBXFileReference; includeInIndex = 1; lastKnownFileType = text.xcconfig; name = "Pods-ExponeaSDKMauiIOS.debug.xcconfig"; path = "Target Support Files/Pods-ExponeaSDKMauiIOS/Pods-ExponeaSDKMauiIOS.debug.xcconfig"; sourceTree = "<group>"; };
		E7243BC0872C273635683BD6 /* Pods_ExponeaSDKMauiIOS.framework */ = {isa = PBXFileReference; explicitFileType = wrapper.framework; includeInIndex = 0; path = Pods_ExponeaSDKMauiIOS.framework; sourceTree = BUILT_PRODUCTS_DIR; };
		F0F0019F0AB992B47EED3485 /* Pods-ExponeaSDKMauiIOS.release.xcconfig */ = {isa = PBXFileReference; includeInIndex = 1; lastKnownFileType = text.xcconfig; name = "Pods-ExponeaSDKMauiIOS.release.xcconfig"; path = "Target Support Files/Pods-ExponeaSDKMauiIOS/Pods-ExponeaSDKMauiIOS.release.xcconfig"; sourceTree = "<group>"; };
/* End PBXFileReference section */

/* Begin PBXFrameworksBuildPhase section */
		7F41792A10676691C5A1F7A5 /* Frameworks */ = {
			isa = PBXFrameworksBuildPhase;
			buildActionMask = 2147483647;
			files = (
				89C2B3C398A5FEA011240FFA /* Pods_ExponeaSDKMauiIOS_ExponeaSDKMauiIOSTests.framework in Frameworks */,
			);
			runOnlyForDeploymentPostprocessing = 0;
		};
		7F417E0F8FA7ECD1836843ED /* Frameworks */ = {
			isa = PBXFrameworksBuildPhase;
			buildActionMask = 2147483647;
			files = (
				550917132A8A57D100ACED6C /* Pods_ExponeaSDKMauiIOS.framework in Frameworks */,
			);
			runOnlyForDeploymentPostprocessing = 0;
		};
/* End PBXFrameworksBuildPhase section */

/* Begin PBXGroup section */
		19F4AF353E07DB42218CF79D /* Pods */ = {
			isa = PBXGroup;
			children = (
				8FE8DE01E475FA739E5087DA /* Pods-ExponeaSDKMauiIOS.debug.xcconfig */,
				F0F0019F0AB992B47EED3485 /* Pods-ExponeaSDKMauiIOS.release.xcconfig */,
				50802E7D0B373DAEDE7CF8D0 /* Pods-ExponeaSDKMauiIOS-ExponeaSDKMauiIOSTests.debug.xcconfig */,
				7FFFEEC76A372BFF38B838A9 /* Pods-ExponeaSDKMauiIOS-ExponeaSDKMauiIOSTests.release.xcconfig */,
			);
			path = Pods;
			sourceTree = "<group>";
		};
		7F41740311FAA8BC52F1841C /* ExponeaSDKMauiIOS */ = {
			isa = PBXGroup;
			children = (
				7F417238AABE205EE8AF36A0 /* ExponeaSDKMauiIOS.h */,
				550917162A8A57FA00ACED6C /* ExponeaSDK.swift */,
				550917182A8A589600ACED6C /* MethodResult.swift */,
			);
			path = ExponeaSDKMauiIOS;
			sourceTree = "<group>";
		};
		7F417479199F939F660629AF = {
			isa = PBXGroup;
			children = (
				7F417D112C3A4C0D5DC2DBCD /* Products */,
				7F41740311FAA8BC52F1841C /* ExponeaSDKMauiIOS */,
				7F417BBAC53CAB0B9A7BE65D /* ExponeaSDKMauiIOSTests */,
				19F4AF353E07DB42218CF79D /* Pods */,
				E2521824A4AD2B08946A26FC /* Frameworks */,
			);
			sourceTree = "<group>";
		};
		7F417BBAC53CAB0B9A7BE65D /* ExponeaSDKMauiIOSTests */ = {
			isa = PBXGroup;
			children = (
				7F417D36BC03174159305655 /* ExponeaSDKMauiIOSTests.swift */,
			);
			path = ExponeaSDKMauiIOSTests;
			sourceTree = "<group>";
		};
		7F417D112C3A4C0D5DC2DBCD /* Products */ = {
			isa = PBXGroup;
			children = (
			);
			name = Products;
			sourceTree = "<group>";
		};
		E2521824A4AD2B08946A26FC /* Frameworks */ = {
			isa = PBXGroup;
			children = (
				E7243BC0872C273635683BD6 /* Pods_ExponeaSDKMauiIOS.framework */,
				072B08F8ADDA0AA7FDFC7AC9 /* Pods_ExponeaSDKMauiIOS_ExponeaSDKMauiIOSTests.framework */,
			);
			name = Frameworks;
			sourceTree = "<group>";
		};
/* End PBXGroup section */

/* Begin PBXHeadersBuildPhase section */
		7F417046FEB4501EF4EEA6FC /* Headers */ = {
			isa = PBXHeadersBuildPhase;
			buildActionMask = 2147483647;
			files = (
			);
			runOnlyForDeploymentPostprocessing = 0;
		};
/* End PBXHeadersBuildPhase section */

/* Begin PBXNativeTarget section */
		7F417226E66D5529EC26EB51 /* ExponeaSDKMauiIOS */ = {
			isa = PBXNativeTarget;
			buildConfigurationList = 7F417EF55465076FE0805D40 /* Build configuration list for PBXNativeTarget "ExponeaSDKMauiIOS" */;
			buildPhases = (
				86573B02099CCE11D72B2B6A /* [CP] Check Pods Manifest.lock */,
				7F417046FEB4501EF4EEA6FC /* Headers */,
				7F4171E7C84DA8E5587536F9 /* Sources */,
				7F417E0F8FA7ECD1836843ED /* Frameworks */,
				7F417F71CF0FA62CA645FB8B /* Resources */,
				550917152A8A57D100ACED6C /* Embed Frameworks */,
			);
			buildRules = (
			);
			dependencies = (
			);
			name = ExponeaSDKMauiIOS;
			productName = ExponeaSDKMauiIOS;
			productType = "com.apple.product-type.framework";
		};
		7F417A64C74043A0D54D4B84 /* ExponeaSDKMauiIOSTests */ = {
			isa = PBXNativeTarget;
			buildConfigurationList = 7F41703AA39D1FEAEC703599 /* Build configuration list for PBXNativeTarget "ExponeaSDKMauiIOSTests" */;
			buildPhases = (
				0073D7806EDB3968AF6C4EAC /* [CP] Check Pods Manifest.lock */,
				7F41756150418820BBD5B6A3 /* Sources */,
				7F41792A10676691C5A1F7A5 /* Frameworks */,
				7F4173D4CDCB6290CA0EB230 /* Resources */,
				390A3BA9F7B1352CCEA90940 /* [CP] Embed Pods Frameworks */,
			);
			buildRules = (
			);
			dependencies = (
				7F417FF767DF7D100FD75B37 /* PBXTargetDependency */,
			);
			name = ExponeaSDKMauiIOSTests;
			productName = ExponeaSDKMauiIOSTests;
			productType = "com.apple.product-type.bundle.unit-test";
		};
/* End PBXNativeTarget section */

/* Begin PBXProject section */
		7F41786F04E986D36BE53209 /* Project object */ = {
			isa = PBXProject;
			attributes = {
				TargetAttributes = {
					7F417226E66D5529EC26EB51 = {
						LastSwiftMigration = 1430;
					};
				};
			};
			buildConfigurationList = 7F417765BFCA5FB10149A559 /* Build configuration list for PBXProject "ExponeaSDKMauiIOS" */;
			compatibilityVersion = "Xcode 3.2";
			developmentRegion = English;
			hasScannedForEncodings = 0;
			knownRegions = (
				English,
				en,
			);
			mainGroup = 7F417479199F939F660629AF;
			productRefGroup = 7F417D112C3A4C0D5DC2DBCD /* Products */;
			projectDirPath = "";
			projectRoot = "";
			targets = (
				7F417226E66D5529EC26EB51 /* ExponeaSDKMauiIOS */,
				7F417A64C74043A0D54D4B84 /* ExponeaSDKMauiIOSTests */,
			);
		};
/* End PBXProject section */

/* Begin PBXResourcesBuildPhase section */
		7F4173D4CDCB6290CA0EB230 /* Resources */ = {
			isa = PBXResourcesBuildPhase;
			buildActionMask = 2147483647;
			files = (
				7F417BDFD795FEA740260CE9 /* ExponeaSDKMauiIOSTests.swift in Resources */,
			);
			runOnlyForDeploymentPostprocessing = 0;
		};
		7F417F71CF0FA62CA645FB8B /* Resources */ = {
			isa = PBXResourcesBuildPhase;
			buildActionMask = 2147483647;
			files = (
				7F417ECFF422ACA87385C7C5 /* ExponeaSDKMauiIOS.h in Resources */,
			);
			runOnlyForDeploymentPostprocessing = 0;
		};
/* End PBXResourcesBuildPhase section */

/* Begin PBXShellScriptBuildPhase section */
		0073D7806EDB3968AF6C4EAC /* [CP] Check Pods Manifest.lock */ = {
			isa = PBXShellScriptBuildPhase;
			buildActionMask = 2147483647;
			files = (
			);
			inputFileListPaths = (
			);
			inputPaths = (
				"${PODS_PODFILE_DIR_PATH}/Podfile.lock",
				"${PODS_ROOT}/Manifest.lock",
			);
			name = "[CP] Check Pods Manifest.lock";
			outputFileListPaths = (
			);
			outputPaths = (
				"$(DERIVED_FILE_DIR)/Pods-ExponeaSDKMauiIOS-ExponeaSDKMauiIOSTests-checkManifestLockResult.txt",
			);
			runOnlyForDeploymentPostprocessing = 0;
			shellPath = /bin/sh;
			shellScript = "diff \"${PODS_PODFILE_DIR_PATH}/Podfile.lock\" \"${PODS_ROOT}/Manifest.lock\" > /dev/null\nif [ $? != 0 ] ; then\n    # print error to STDERR\n    echo \"error: The sandbox is not in sync with the Podfile.lock. Run 'pod install' or update your CocoaPods installation.\" >&2\n    exit 1\nfi\n# This output is used by Xcode 'outputs' to avoid re-running this script phase.\necho \"SUCCESS\" > \"${SCRIPT_OUTPUT_FILE_0}\"\n";
			showEnvVarsInLog = 0;
		};
		390A3BA9F7B1352CCEA90940 /* [CP] Embed Pods Frameworks */ = {
			isa = PBXShellScriptBuildPhase;
			buildActionMask = 2147483647;
			files = (
			);
			inputPaths = (
				"${PODS_ROOT}/Target Support Files/Pods-ExponeaSDKMauiIOS-ExponeaSDKMauiIOSTests/Pods-ExponeaSDKMauiIOS-ExponeaSDKMauiIOSTests-frameworks.sh",
				"${BUILT_PRODUCTS_DIR}/ExponeaSDK/ExponeaSDK.framework",
				"${BUILT_PRODUCTS_DIR}/ExponeaSDK-Notifications/ExponeaSDK_Notifications.framework",
				"${BUILT_PRODUCTS_DIR}/SwiftSoup/SwiftSoup.framework",
			);
			name = "[CP] Embed Pods Frameworks";
			outputPaths = (
				"${TARGET_BUILD_DIR}/${FRAMEWORKS_FOLDER_PATH}/ExponeaSDK.framework",
				"${TARGET_BUILD_DIR}/${FRAMEWORKS_FOLDER_PATH}/ExponeaSDK_Notifications.framework",
				"${TARGET_BUILD_DIR}/${FRAMEWORKS_FOLDER_PATH}/SwiftSoup.framework",
			);
			runOnlyForDeploymentPostprocessing = 0;
			shellPath = /bin/sh;
			shellScript = "\"${PODS_ROOT}/Target Support Files/Pods-ExponeaSDKMauiIOS-ExponeaSDKMauiIOSTests/Pods-ExponeaSDKMauiIOS-ExponeaSDKMauiIOSTests-frameworks.sh\"\n";
			showEnvVarsInLog = 0;
		};
		86573B02099CCE11D72B2B6A /* [CP] Check Pods Manifest.lock */ = {
			isa = PBXShellScriptBuildPhase;
			buildActionMask = 2147483647;
			files = (
			);
			inputFileListPaths = (
			);
			inputPaths = (
				"${PODS_PODFILE_DIR_PATH}/Podfile.lock",
				"${PODS_ROOT}/Manifest.lock",
			);
			name = "[CP] Check Pods Manifest.lock";
			outputFileListPaths = (
			);
			outputPaths = (
				"$(DERIVED_FILE_DIR)/Pods-ExponeaSDKMauiIOS-checkManifestLockResult.txt",
			);
			runOnlyForDeploymentPostprocessing = 0;
			shellPath = /bin/sh;
			shellScript = "diff \"${PODS_PODFILE_DIR_PATH}/Podfile.lock\" \"${PODS_ROOT}/Manifest.lock\" > /dev/null\nif [ $? != 0 ] ; then\n    # print error to STDERR\n    echo \"error: The sandbox is not in sync with the Podfile.lock. Run 'pod install' or update your CocoaPods installation.\" >&2\n    exit 1\nfi\n# This output is used by Xcode 'outputs' to avoid re-running this script phase.\necho \"SUCCESS\" > \"${SCRIPT_OUTPUT_FILE_0}\"\n";
			showEnvVarsInLog = 0;
		};
/* End PBXShellScriptBuildPhase section */

/* Begin PBXSourcesBuildPhase section */
		7F4171E7C84DA8E5587536F9 /* Sources */ = {
			isa = PBXSourcesBuildPhase;
			buildActionMask = 2147483647;
			files = (
				550917172A8A57FA00ACED6C /* ExponeaSDK.swift in Sources */,
				550917192A8A589600ACED6C /* MethodResult.swift in Sources */,
			);
			runOnlyForDeploymentPostprocessing = 0;
		};
		7F41756150418820BBD5B6A3 /* Sources */ = {
			isa = PBXSourcesBuildPhase;
			buildActionMask = 2147483647;
			files = (
			);
			runOnlyForDeploymentPostprocessing = 0;
		};
/* End PBXSourcesBuildPhase section */

/* Begin PBXTargetDependency section */
		7F417FF767DF7D100FD75B37 /* PBXTargetDependency */ = {
			isa = PBXTargetDependency;
			target = 7F417226E66D5529EC26EB51 /* ExponeaSDKMauiIOS */;
			targetProxy = 7F4172E559AC8A16CE636475 /* PBXContainerItemProxy */;
		};
/* End PBXTargetDependency section */

/* Begin XCBuildConfiguration section */
		7F4171527B15812AAF18C200 /* Release */ = {
			isa = XCBuildConfiguration;
			baseConfigurationReference = 7FFFEEC76A372BFF38B838A9 /* Pods-ExponeaSDKMauiIOS-ExponeaSDKMauiIOSTests.release.xcconfig */;
			buildSettings = {
				ALWAYS_EMBED_SWIFT_STANDARD_LIBRARIES = YES;
				CURRENT_PROJECT_VERSION = 1;
				GENERATE_INFOPLIST_FILE = YES;
				IPHONEOS_DEPLOYMENT_TARGET = 16.2;
				MARKETING_VERSION = 1.0;
				PRODUCT_BUNDLE_IDENTIFIER = com.exponea.maui.ios.ExponeaSDKMauiIOSTests;
				PRODUCT_NAME = "$(TARGET_NAME)";
				SWIFT_EMIT_LOC_STRINGS = NO;
				SWIFT_VERSION = 5.0;
				TARGETED_DEVICE_FAMILY = "1,2";
			};
			name = Release;
		};
		7F4175772B4F9B9F531E12CB /* Release */ = {
			isa = XCBuildConfiguration;
			buildSettings = {
				ALWAYS_SEARCH_USER_PATHS = NO;
				BUILD_LIBRARY_FOR_DISTRIBUTION = YES;
				CLANG_ANALYZER_NONNULL = YES;
				CLANG_ANALYZER_NUMBER_OBJECT_CONVERSION = YES_AGGRESSIVE;
				CLANG_CXX_LANGUAGE_STANDARD = "gnu++20";
				CLANG_ENABLE_MODULES = YES;
				CLANG_ENABLE_OBJC_ARC = YES;
				CLANG_ENABLE_OBJC_WEAK = YES;
				CLANG_WARN_BLOCK_CAPTURE_AUTORELEASING = YES;
				CLANG_WARN_BOOL_CONVERSION = YES;
				CLANG_WARN_COMMA = YES;
				CLANG_WARN_CONSTANT_CONVERSION = YES;
				CLANG_WARN_DEPRECATED_OBJC_IMPLEMENTATIONS = YES;
				CLANG_WARN_DIRECT_OBJC_ISA_USAGE = YES_ERROR;
				CLANG_WARN_DOCUMENTATION_COMMENTS = YES;
				CLANG_WARN_EMPTY_BODY = YES;
				CLANG_WARN_ENUM_CONVERSION = YES;
				CLANG_WARN_INFINITE_RECURSION = YES;
				CLANG_WARN_INT_CONVERSION = YES;
				CLANG_WARN_NON_LITERAL_NULL_CONVERSION = YES;
				CLANG_WARN_OBJC_IMPLICIT_RETAIN_SELF = YES;
				CLANG_WARN_OBJC_LITERAL_CONVERSION = YES;
				CLANG_WARN_OBJC_ROOT_CLASS = YES_ERROR;
				CLANG_WARN_QUOTED_INCLUDE_IN_FRAMEWORK_HEADER = YES;
				CLANG_WARN_RANGE_LOOP_ANALYSIS = YES;
				CLANG_WARN_STRICT_PROTOTYPES = YES;
				CLANG_WARN_SUSPICIOUS_MOVE = YES;
				CLANG_WARN_UNGUARDED_AVAILABILITY = YES_AGGRESSIVE;
				CLANG_WARN_UNREACHABLE_CODE = YES;
				CLANG_WARN__DUPLICATE_METHOD_MATCH = YES;
				COPY_PHASE_STRIP = NO;
				CURRENT_PROJECT_VERSION = 1;
				DEBUG_INFORMATION_FORMAT = "dwarf-with-dsym";
				ENABLE_NS_ASSERTIONS = NO;
				ENABLE_STRICT_OBJC_MSGSEND = YES;
				GCC_C_LANGUAGE_STANDARD = gnu11;
				GCC_NO_COMMON_BLOCKS = YES;
				GCC_WARN_64_TO_32_BIT_CONVERSION = YES;
				GCC_WARN_ABOUT_RETURN_TYPE = YES_ERROR;
				GCC_WARN_UNDECLARED_SELECTOR = YES;
				GCC_WARN_UNINITIALIZED_AUTOS = YES_AGGRESSIVE;
				GCC_WARN_UNUSED_FUNCTION = YES;
				GCC_WARN_UNUSED_VARIABLE = YES;
				IPHONEOS_DEPLOYMENT_TARGET = 16.4;
				MTL_ENABLE_DEBUG_INFO = NO;
				MTL_FAST_MATH = YES;
				SDKROOT = iphoneos;
				SWIFT_OPTIMIZATION_LEVEL = "-Owholemodule";
				VALIDATE_PRODUCT = YES;
				VERSIONING_SYSTEM = "apple-generic";
				VERSION_INFO_PREFIX = "";
			};
			name = Release;
		};
		7F41785B75550D7ADBAE0FD6 /* Debug */ = {
			isa = XCBuildConfiguration;
			buildSettings = {
				ALWAYS_SEARCH_USER_PATHS = NO;
				BUILD_LIBRARY_FOR_DISTRIBUTION = YES;
				CLANG_ANALYZER_NONNULL = YES;
				CLANG_ANALYZER_NUMBER_OBJECT_CONVERSION = YES_AGGRESSIVE;
				CLANG_CXX_LANGUAGE_STANDARD = "gnu++20";
				CLANG_ENABLE_MODULES = YES;
				CLANG_ENABLE_OBJC_ARC = YES;
				CLANG_ENABLE_OBJC_WEAK = YES;
				CLANG_WARN_BLOCK_CAPTURE_AUTORELEASING = YES;
				CLANG_WARN_BOOL_CONVERSION = YES;
				CLANG_WARN_COMMA = YES;
				CLANG_WARN_CONSTANT_CONVERSION = YES;
				CLANG_WARN_DEPRECATED_OBJC_IMPLEMENTATIONS = YES;
				CLANG_WARN_DIRECT_OBJC_ISA_USAGE = YES_ERROR;
				CLANG_WARN_DOCUMENTATION_COMMENTS = YES;
				CLANG_WARN_EMPTY_BODY = YES;
				CLANG_WARN_ENUM_CONVERSION = YES;
				CLANG_WARN_INFINITE_RECURSION = YES;
				CLANG_WARN_INT_CONVERSION = YES;
				CLANG_WARN_NON_LITERAL_NULL_CONVERSION = YES;
				CLANG_WARN_OBJC_IMPLICIT_RETAIN_SELF = YES;
				CLANG_WARN_OBJC_LITERAL_CONVERSION = YES;
				CLANG_WARN_OBJC_ROOT_CLASS = YES_ERROR;
				CLANG_WARN_QUOTED_INCLUDE_IN_FRAMEWORK_HEADER = YES;
				CLANG_WARN_RANGE_LOOP_ANALYSIS = YES;
				CLANG_WARN_STRICT_PROTOTYPES = YES;
				CLANG_WARN_SUSPICIOUS_MOVE = YES;
				CLANG_WARN_UNGUARDED_AVAILABILITY = YES_AGGRESSIVE;
				CLANG_WARN_UNREACHABLE_CODE = YES;
				CLANG_WARN__DUPLICATE_METHOD_MATCH = YES;
				COPY_PHASE_STRIP = NO;
				CURRENT_PROJECT_VERSION = 1;
				DEBUG_INFORMATION_FORMAT = dwarf;
				ENABLE_STRICT_OBJC_MSGSEND = YES;
				ENABLE_TESTABILITY = YES;
				GCC_C_LANGUAGE_STANDARD = gnu11;
				GCC_DYNAMIC_NO_PIC = NO;
				GCC_NO_COMMON_BLOCKS = YES;
				GCC_OPTIMIZATION_LEVEL = 0;
				GCC_PREPROCESSOR_DEFINITIONS = (
					"DEBUG=1",
					"$(inherited)",
				);
				GCC_WARN_64_TO_32_BIT_CONVERSION = YES;
				GCC_WARN_ABOUT_RETURN_TYPE = YES_ERROR;
				GCC_WARN_UNDECLARED_SELECTOR = YES;
				GCC_WARN_UNINITIALIZED_AUTOS = YES_AGGRESSIVE;
				GCC_WARN_UNUSED_FUNCTION = YES;
				GCC_WARN_UNUSED_VARIABLE = YES;
				IPHONEOS_DEPLOYMENT_TARGET = 16.4;
				MTL_ENABLE_DEBUG_INFO = INCLUDE_SOURCE;
				MTL_FAST_MATH = YES;
				ONLY_ACTIVE_ARCH = YES;
				SDKROOT = iphoneos;
				SWIFT_ACTIVE_COMPILATION_CONDITIONS = DEBUG;
				SWIFT_OPTIMIZATION_LEVEL = "-Onone";
				VERSIONING_SYSTEM = "apple-generic";
				VERSION_INFO_PREFIX = "";
			};
			name = Debug;
		};
		7F417A037C51EB49F0FE084C /* Debug */ = {
			isa = XCBuildConfiguration;
			baseConfigurationReference = 8FE8DE01E475FA739E5087DA /* Pods-ExponeaSDKMauiIOS.debug.xcconfig */;
			buildSettings = {
				CLANG_ENABLE_MODULES = YES;
				CURRENT_PROJECT_VERSION = 1;
				DEFINES_MODULE = YES;
				DYLIB_COMPATIBILITY_VERSION = 1;
				DYLIB_CURRENT_VERSION = 1;
				DYLIB_INSTALL_NAME_BASE = "@rpath";
				ENABLE_MODULE_VERIFIER = YES;
				GENERATE_INFOPLIST_FILE = YES;
				INFOPLIST_KEY_NSHumanReadableCopyright = "";
				INSTALL_PATH = "$(LOCAL_LIBRARY_DIR)/Frameworks";
				IPHONEOS_DEPLOYMENT_TARGET = 11.0;
				LD_RUNPATH_SEARCH_PATHS = "$(inherited) @executable_path/Frameworks @loader_path/Frameworks";
				MARKETING_VERSION = 1.0;
				MODULE_VERIFIER_SUPPORTED_LANGUAGES = "objective-c objective-c++";
				MODULE_VERIFIER_SUPPORTED_LANGUAGE_STANDARDS = "gnu11 gnu++20";
				PRODUCT_BUNDLE_IDENTIFIER = com.exponea.maui.ios.ExponeaSDKMauiIOS;
				PRODUCT_NAME = "$(TARGET_NAME:c99extidentifier)";
				SKIP_INSTALL = YES;
				SWIFT_EMIT_LOC_STRINGS = YES;
				SWIFT_OPTIMIZATION_LEVEL = "-Onone";
				SWIFT_VERSION = 5.0;
				TARGETED_DEVICE_FAMILY = "1,2";
			};
			name = Debug;
		};
		7F417A3FB8CA61557AE85C51 /* Release */ = {
			isa = XCBuildConfiguration;
			baseConfigurationReference = F0F0019F0AB992B47EED3485 /* Pods-ExponeaSDKMauiIOS.release.xcconfig */;
			buildSettings = {
				CLANG_ENABLE_MODULES = YES;
				CURRENT_PROJECT_VERSION = 1;
				DEFINES_MODULE = YES;
				DYLIB_COMPATIBILITY_VERSION = 1;
				DYLIB_CURRENT_VERSION = 1;
				DYLIB_INSTALL_NAME_BASE = "@rpath";
				ENABLE_MODULE_VERIFIER = YES;
				GENERATE_INFOPLIST_FILE = YES;
				INFOPLIST_KEY_NSHumanReadableCopyright = "";
				INSTALL_PATH = "$(LOCAL_LIBRARY_DIR)/Frameworks";
				IPHONEOS_DEPLOYMENT_TARGET = 11.0;
				LD_RUNPATH_SEARCH_PATHS = "$(inherited) @executable_path/Frameworks @loader_path/Frameworks";
				MARKETING_VERSION = 1.0;
				MODULE_VERIFIER_SUPPORTED_LANGUAGES = "objective-c objective-c++";
				MODULE_VERIFIER_SUPPORTED_LANGUAGE_STANDARDS = "gnu11 gnu++20";
				PRODUCT_BUNDLE_IDENTIFIER = com.exponea.maui.ios.ExponeaSDKMauiIOS;
				PRODUCT_NAME = "$(TARGET_NAME:c99extidentifier)";
				SKIP_INSTALL = YES;
				SWIFT_EMIT_LOC_STRINGS = YES;
				SWIFT_VERSION = 5.0;
				TARGETED_DEVICE_FAMILY = "1,2";
			};
			name = Release;
		};
		7F417B7BC45908D237F5C8D5 /* Debug */ = {
			isa = XCBuildConfiguration;
			baseConfigurationReference = 50802E7D0B373DAEDE7CF8D0 /* Pods-ExponeaSDKMauiIOS-ExponeaSDKMauiIOSTests.debug.xcconfig */;
			buildSettings = {
				ALWAYS_EMBED_SWIFT_STANDARD_LIBRARIES = YES;
				CURRENT_PROJECT_VERSION = 1;
				GENERATE_INFOPLIST_FILE = YES;
				IPHONEOS_DEPLOYMENT_TARGET = 16.2;
				MARKETING_VERSION = 1.0;
				PRODUCT_BUNDLE_IDENTIFIER = com.exponea.maui.ios.ExponeaSDKMauiIOSTests;
				PRODUCT_NAME = "$(TARGET_NAME)";
				SWIFT_EMIT_LOC_STRINGS = NO;
				SWIFT_VERSION = 5.0;
				TARGETED_DEVICE_FAMILY = "1,2";
			};
			name = Debug;
		};
/* End XCBuildConfiguration section */

/* Begin XCConfigurationList section */
		7F41703AA39D1FEAEC703599 /* Build configuration list for PBXNativeTarget "ExponeaSDKMauiIOSTests" */ = {
			isa = XCConfigurationList;
			buildConfigurations = (
				7F417B7BC45908D237F5C8D5 /* Debug */,
				7F4171527B15812AAF18C200 /* Release */,
			);
			defaultConfigurationIsVisible = 0;
			defaultConfigurationName = Release;
		};
		7F417765BFCA5FB10149A559 /* Build configuration list for PBXProject "ExponeaSDKMauiIOS" */ = {
			isa = XCConfigurationList;
			buildConfigurations = (
				7F41785B75550D7ADBAE0FD6 /* Debug */,
				7F4175772B4F9B9F531E12CB /* Release */,
			);
			defaultConfigurationIsVisible = 0;
			defaultConfigurationName = Release;
		};
		7F417EF55465076FE0805D40 /* Build configuration list for PBXNativeTarget "ExponeaSDKMauiIOS" */ = {
			isa = XCConfigurationList;
			buildConfigurations = (
				7F417A037C51EB49F0FE084C /* Debug */,
				7F417A3FB8CA61557AE85C51 /* Release */,
			);
			defaultConfigurationIsVisible = 0;
			defaultConfigurationName = Release;
		};
/* End XCConfigurationList section */
	};
	rootObject = 7F41786F04E986D36BE53209 /* Project object */;
}
