// !$*UTF8*$!
{
	archiveVersion = 1;
	classes = {
	};
	objectVersion = 52;
	objects = {

/* Begin PBXBuildFile section */
		312E76D02AA330D700ECC118 /* ExponeaAsyncMethodType.swift in Sources */ = {isa = PBXBuildFile; fileRef = 312E76CF2AA330D700ECC118 /* ExponeaAsyncMethodType.swift */; };
		312E76D22AA3312D00ECC118 /* Typealiases.swift in Sources */ = {isa = PBXBuildFile; fileRef = 312E76D12AA3312D00ECC118 /* Typealiases.swift */; };
		312E76D42AA334E100ECC118 /* Array+JSON.swift in Sources */ = {isa = PBXBuildFile; fileRef = 312E76D32AA334E100ECC118 /* Array+JSON.swift */; };
		312E76D62AA35C0F00ECC118 /* Recommendation.swift in Sources */ = {isa = PBXBuildFile; fileRef = 312E76D52AA35C0F00ECC118 /* Recommendation.swift */; };
		313DA6E42A9C9C2900B49508 /* Optional+String.swift in Sources */ = {isa = PBXBuildFile; fileRef = 313DA6E32A9C9C2900B49508 /* Optional+String.swift */; };
		313DA6E72A9C9C4E00B49508 /* ExponeaMethodType.swift in Sources */ = {isa = PBXBuildFile; fileRef = 313DA6E62A9C9C4E00B49508 /* ExponeaMethodType.swift */; };
		313DA6EA2A9C9C6300B49508 /* ExponeaInvokable.swift in Sources */ = {isa = PBXBuildFile; fileRef = 313DA6E92A9C9C6300B49508 /* ExponeaInvokable.swift */; };
		313DA6EC2A9CA5FD00B49508 /* String.swift in Sources */ = {isa = PBXBuildFile; fileRef = 313DA6EB2A9CA5FD00B49508 /* String.swift */; };
		313DA6EE2A9CA69300B49508 /* Bool.swift in Sources */ = {isa = PBXBuildFile; fileRef = 313DA6ED2A9CA69300B49508 /* Bool.swift */; };
		313DA6F02A9CA70A00B49508 /* Double.swift in Sources */ = {isa = PBXBuildFile; fileRef = 313DA6EF2A9CA70A00B49508 /* Double.swift */; };
		313DA6F22A9CC47D00B49508 /* Configuration.swift in Sources */ = {isa = PBXBuildFile; fileRef = 313DA6F12A9CC47D00B49508 /* Configuration.swift */; };
		313DA6F42A9CC86A00B49508 /* Customer.swift in Sources */ = {isa = PBXBuildFile; fileRef = 313DA6F32A9CC86A00B49508 /* Customer.swift */; };
		313DA6F62A9CD32700B49508 /* Int.swift in Sources */ = {isa = PBXBuildFile; fileRef = 313DA6F52A9CD32700B49508 /* Int.swift */; };
		315601AF2A9F315900CD8F22 /* ExponeaSDKMauiIOSTests.swift in Sources */ = {isa = PBXBuildFile; fileRef = 315601AE2A9F315900CD8F22 /* ExponeaSDKMauiIOSTests.swift */; };
		315601B62A9F316900CD8F22 /* Nimble in Frameworks */ = {isa = PBXBuildFile; productRef = 315601B52A9F316900CD8F22 /* Nimble */; };
		315601B82A9F316900CD8F22 /* Quick in Frameworks */ = {isa = PBXBuildFile; productRef = 315601B72A9F316900CD8F22 /* Quick */; };
		550917132A8A57D100ACED6C /* Pods_ExponeaSDKMauiIOS.framework in Frameworks */ = {isa = PBXBuildFile; fileRef = E7243BC0872C273635683BD6 /* Pods_ExponeaSDKMauiIOS.framework */; };
		550917142A8A57D100ACED6C /* Pods_ExponeaSDKMauiIOS.framework in Embed Frameworks */ = {isa = PBXBuildFile; fileRef = E7243BC0872C273635683BD6 /* Pods_ExponeaSDKMauiIOS.framework */; settings = {ATTRIBUTES = (CodeSignOnCopy, RemoveHeadersOnCopy, ); }; };
		550917172A8A57FA00ACED6C /* ExponeaSDK.swift in Sources */ = {isa = PBXBuildFile; fileRef = 550917162A8A57FA00ACED6C /* ExponeaSDK.swift */; };
		550917192A8A589600ACED6C /* MethodResult.swift in Sources */ = {isa = PBXBuildFile; fileRef = 550917182A8A589600ACED6C /* MethodResult.swift */; };
		7F417ECFF422ACA87385C7C5 /* ExponeaSDKMauiIOS.h in Resources */ = {isa = PBXBuildFile; fileRef = 7F417238AABE205EE8AF36A0 /* ExponeaSDKMauiIOS.h */; };
		C0719EF194411AEF6873B2BA /* Pods_ExponeaSDKMauiIOS_ExponeaSDKMauiIOSTests.framework in Frameworks */ = {isa = PBXBuildFile; fileRef = 072B08F8ADDA0AA7FDFC7AC9 /* Pods_ExponeaSDKMauiIOS_ExponeaSDKMauiIOSTests.framework */; };
/* End PBXBuildFile section */

/* Begin PBXContainerItemProxy section */
		315601B02A9F315900CD8F22 /* PBXContainerItemProxy */ = {
			isa = PBXContainerItemProxy;
			containerPortal = 7F41786F04E986D36BE53209 /* Project object */;
			proxyType = 1;
			remoteGlobalIDString = 7F417226E66D5529EC26EB51;
			remoteInfo = ExponeaSDKMauiIOS;
		};
/* End PBXContainerItemProxy section */

/* Begin PBXCopyFilesBuildPhase section */
		550917152A8A57D100ACED6C /* Embed Frameworks */ = {
			isa = PBXCopyFilesBuildPhase;
			buildActionMask = 2147483647;
			dstPath = "";
			dstSubfolderSpec = 10;
			files = (
				550917142A8A57D100ACED6C /* Pods_ExponeaSDKMauiIOS.framework in Embed Frameworks */,
			);
			name = "Embed Frameworks";
			runOnlyForDeploymentPostprocessing = 0;
		};
/* End PBXCopyFilesBuildPhase section */

/* Begin PBXFileReference section */
		072B08F8ADDA0AA7FDFC7AC9 /* Pods_ExponeaSDKMauiIOS_ExponeaSDKMauiIOSTests.framework */ = {isa = PBXFileReference; explicitFileType = wrapper.framework; includeInIndex = 0; path = Pods_ExponeaSDKMauiIOS_ExponeaSDKMauiIOSTests.framework; sourceTree = BUILT_PRODUCTS_DIR; };
		312E76CF2AA330D700ECC118 /* ExponeaAsyncMethodType.swift */ = {isa = PBXFileReference; lastKnownFileType = sourcecode.swift; path = ExponeaAsyncMethodType.swift; sourceTree = "<group>"; };
		312E76D12AA3312D00ECC118 /* Typealiases.swift */ = {isa = PBXFileReference; lastKnownFileType = sourcecode.swift; path = Typealiases.swift; sourceTree = "<group>"; };
		312E76D32AA334E100ECC118 /* Array+JSON.swift */ = {isa = PBXFileReference; lastKnownFileType = sourcecode.swift; path = "Array+JSON.swift"; sourceTree = "<group>"; };
		312E76D52AA35C0F00ECC118 /* Recommendation.swift */ = {isa = PBXFileReference; lastKnownFileType = sourcecode.swift; path = Recommendation.swift; sourceTree = "<group>"; };
		313DA6E32A9C9C2900B49508 /* Optional+String.swift */ = {isa = PBXFileReference; lastKnownFileType = sourcecode.swift; path = "Optional+String.swift"; sourceTree = "<group>"; };
		313DA6E62A9C9C4E00B49508 /* ExponeaMethodType.swift */ = {isa = PBXFileReference; lastKnownFileType = sourcecode.swift; path = ExponeaMethodType.swift; sourceTree = "<group>"; };
		313DA6E92A9C9C6300B49508 /* ExponeaInvokable.swift */ = {isa = PBXFileReference; lastKnownFileType = sourcecode.swift; path = ExponeaInvokable.swift; sourceTree = "<group>"; };
		313DA6EB2A9CA5FD00B49508 /* String.swift */ = {isa = PBXFileReference; lastKnownFileType = sourcecode.swift; path = String.swift; sourceTree = "<group>"; };
		313DA6ED2A9CA69300B49508 /* Bool.swift */ = {isa = PBXFileReference; lastKnownFileType = sourcecode.swift; path = Bool.swift; sourceTree = "<group>"; };
		313DA6EF2A9CA70A00B49508 /* Double.swift */ = {isa = PBXFileReference; lastKnownFileType = sourcecode.swift; path = Double.swift; sourceTree = "<group>"; };
		313DA6F12A9CC47D00B49508 /* Configuration.swift */ = {isa = PBXFileReference; lastKnownFileType = sourcecode.swift; path = Configuration.swift; sourceTree = "<group>"; };
		313DA6F32A9CC86A00B49508 /* Customer.swift */ = {isa = PBXFileReference; lastKnownFileType = sourcecode.swift; path = Customer.swift; sourceTree = "<group>"; };
		313DA6F52A9CD32700B49508 /* Int.swift */ = {isa = PBXFileReference; lastKnownFileType = sourcecode.swift; path = Int.swift; sourceTree = "<group>"; };
		315601AC2A9F315900CD8F22 /* ExponeaSDKMauiIOSTests.xctest */ = {isa = PBXFileReference; explicitFileType = wrapper.cfbundle; includeInIndex = 0; path = ExponeaSDKMauiIOSTests.xctest; sourceTree = BUILT_PRODUCTS_DIR; };
		315601AE2A9F315900CD8F22 /* ExponeaSDKMauiIOSTests.swift */ = {isa = PBXFileReference; lastKnownFileType = sourcecode.swift; path = ExponeaSDKMauiIOSTests.swift; sourceTree = "<group>"; };
		50802E7D0B373DAEDE7CF8D0 /* Pods-ExponeaSDKMauiIOS-ExponeaSDKMauiIOSTests.debug.xcconfig */ = {isa = PBXFileReference; includeInIndex = 1; lastKnownFileType = text.xcconfig; name = "Pods-ExponeaSDKMauiIOS-ExponeaSDKMauiIOSTests.debug.xcconfig"; path = "Target Support Files/Pods-ExponeaSDKMauiIOS-ExponeaSDKMauiIOSTests/Pods-ExponeaSDKMauiIOS-ExponeaSDKMauiIOSTests.debug.xcconfig"; sourceTree = "<group>"; };
		550917162A8A57FA00ACED6C /* ExponeaSDK.swift */ = {isa = PBXFileReference; lastKnownFileType = sourcecode.swift; path = ExponeaSDK.swift; sourceTree = "<group>"; };
		550917182A8A589600ACED6C /* MethodResult.swift */ = {isa = PBXFileReference; lastKnownFileType = sourcecode.swift; path = MethodResult.swift; sourceTree = "<group>"; };
		7F417238AABE205EE8AF36A0 /* ExponeaSDKMauiIOS.h */ = {isa = PBXFileReference; lastKnownFileType = file.h; path = ExponeaSDKMauiIOS.h; sourceTree = "<group>"; };
		7FFFEEC76A372BFF38B838A9 /* Pods-ExponeaSDKMauiIOS-ExponeaSDKMauiIOSTests.release.xcconfig */ = {isa = PBXFileReference; includeInIndex = 1; lastKnownFileType = text.xcconfig; name = "Pods-ExponeaSDKMauiIOS-ExponeaSDKMauiIOSTests.release.xcconfig"; path = "Target Support Files/Pods-ExponeaSDKMauiIOS-ExponeaSDKMauiIOSTests/Pods-ExponeaSDKMauiIOS-ExponeaSDKMauiIOSTests.release.xcconfig"; sourceTree = "<group>"; };
		8FE8DE01E475FA739E5087DA /* Pods-ExponeaSDKMauiIOS.debug.xcconfig */ = {isa = PBXFileReference; includeInIndex = 1; lastKnownFileType = text.xcconfig; name = "Pods-ExponeaSDKMauiIOS.debug.xcconfig"; path = "Target Support Files/Pods-ExponeaSDKMauiIOS/Pods-ExponeaSDKMauiIOS.debug.xcconfig"; sourceTree = "<group>"; };
		E7243BC0872C273635683BD6 /* Pods_ExponeaSDKMauiIOS.framework */ = {isa = PBXFileReference; explicitFileType = wrapper.framework; includeInIndex = 0; path = Pods_ExponeaSDKMauiIOS.framework; sourceTree = BUILT_PRODUCTS_DIR; };
		F0F0019F0AB992B47EED3485 /* Pods-ExponeaSDKMauiIOS.release.xcconfig */ = {isa = PBXFileReference; includeInIndex = 1; lastKnownFileType = text.xcconfig; name = "Pods-ExponeaSDKMauiIOS.release.xcconfig"; path = "Target Support Files/Pods-ExponeaSDKMauiIOS/Pods-ExponeaSDKMauiIOS.release.xcconfig"; sourceTree = "<group>"; };
/* End PBXFileReference section */

/* Begin PBXFrameworksBuildPhase section */
		315601A92A9F315900CD8F22 /* Frameworks */ = {
			isa = PBXFrameworksBuildPhase;
			buildActionMask = 2147483647;
			files = (
				315601B82A9F316900CD8F22 /* Quick in Frameworks */,
				315601B62A9F316900CD8F22 /* Nimble in Frameworks */,
				C0719EF194411AEF6873B2BA /* Pods_ExponeaSDKMauiIOS_ExponeaSDKMauiIOSTests.framework in Frameworks */,
			);
			runOnlyForDeploymentPostprocessing = 0;
		};
		7F417E0F8FA7ECD1836843ED /* Frameworks */ = {
			isa = PBXFrameworksBuildPhase;
			buildActionMask = 2147483647;
			files = (
				550917132A8A57D100ACED6C /* Pods_ExponeaSDKMauiIOS.framework in Frameworks */,
			);
			runOnlyForDeploymentPostprocessing = 0;
		};
/* End PBXFrameworksBuildPhase section */

/* Begin PBXGroup section */
		19F4AF353E07DB42218CF79D /* Pods */ = {
			isa = PBXGroup;
			children = (
				8FE8DE01E475FA739E5087DA /* Pods-ExponeaSDKMauiIOS.debug.xcconfig */,
				F0F0019F0AB992B47EED3485 /* Pods-ExponeaSDKMauiIOS.release.xcconfig */,
				50802E7D0B373DAEDE7CF8D0 /* Pods-ExponeaSDKMauiIOS-ExponeaSDKMauiIOSTests.debug.xcconfig */,
				7FFFEEC76A372BFF38B838A9 /* Pods-ExponeaSDKMauiIOS-ExponeaSDKMauiIOSTests.release.xcconfig */,
			);
			path = Pods;
			sourceTree = "<group>";
		};
		313DA6E12A9C9C1B00B49508 /* Sources */ = {
			isa = PBXGroup;
			children = (
				313DA6E82A9C9C5B00B49508 /* Protocol */,
				313DA6E52A9C9C4600B49508 /* Model */,
				313DA6E22A9C9C1E00B49508 /* Extensions */,
				312E76D12AA3312D00ECC118 /* Typealiases.swift */,
			);
			path = Sources;
			sourceTree = "<group>";
		};
		313DA6E22A9C9C1E00B49508 /* Extensions */ = {
			isa = PBXGroup;
			children = (
				313DA6E32A9C9C2900B49508 /* Optional+String.swift */,
				313DA6EB2A9CA5FD00B49508 /* String.swift */,
				313DA6ED2A9CA69300B49508 /* Bool.swift */,
				313DA6EF2A9CA70A00B49508 /* Double.swift */,
				313DA6F52A9CD32700B49508 /* Int.swift */,
				312E76D32AA334E100ECC118 /* Array+JSON.swift */,
			);
			path = Extensions;
			sourceTree = "<group>";
		};
		313DA6E52A9C9C4600B49508 /* Model */ = {
			isa = PBXGroup;
			children = (
				313DA6E62A9C9C4E00B49508 /* ExponeaMethodType.swift */,
				313DA6F12A9CC47D00B49508 /* Configuration.swift */,
				313DA6F32A9CC86A00B49508 /* Customer.swift */,
				312E76CF2AA330D700ECC118 /* ExponeaAsyncMethodType.swift */,
				312E76D52AA35C0F00ECC118 /* Recommendation.swift */,
			);
			path = Model;
			sourceTree = "<group>";
		};
		313DA6E82A9C9C5B00B49508 /* Protocol */ = {
			isa = PBXGroup;
			children = (
				313DA6E92A9C9C6300B49508 /* ExponeaInvokable.swift */,
			);
			path = Protocol;
			sourceTree = "<group>";
		};
		315601AD2A9F315900CD8F22 /* ExponeaSDKMauiIOSTests */ = {
			isa = PBXGroup;
			children = (
				315601AE2A9F315900CD8F22 /* ExponeaSDKMauiIOSTests.swift */,
			);
			path = ExponeaSDKMauiIOSTests;
			sourceTree = "<group>";
		};
		7F41740311FAA8BC52F1841C /* ExponeaSDKMauiIOS */ = {
			isa = PBXGroup;
			children = (
				313DA6E12A9C9C1B00B49508 /* Sources */,
				7F417238AABE205EE8AF36A0 /* ExponeaSDKMauiIOS.h */,
				550917162A8A57FA00ACED6C /* ExponeaSDK.swift */,
				550917182A8A589600ACED6C /* MethodResult.swift */,
			);
			path = ExponeaSDKMauiIOS;
			sourceTree = "<group>";
		};
		7F417479199F939F660629AF = {
			isa = PBXGroup;
			children = (
				315601AD2A9F315900CD8F22 /* ExponeaSDKMauiIOSTests */,
				7F417D112C3A4C0D5DC2DBCD /* Products */,
				7F41740311FAA8BC52F1841C /* ExponeaSDKMauiIOS */,
				19F4AF353E07DB42218CF79D /* Pods */,
				E2521824A4AD2B08946A26FC /* Frameworks */,
			);
			sourceTree = "<group>";
		};
		7F417D112C3A4C0D5DC2DBCD /* Products */ = {
			isa = PBXGroup;
			children = (
				315601AC2A9F315900CD8F22 /* ExponeaSDKMauiIOSTests.xctest */,
			);
			name = Products;
			sourceTree = "<group>";
		};
		E2521824A4AD2B08946A26FC /* Frameworks */ = {
			isa = PBXGroup;
			children = (
				E7243BC0872C273635683BD6 /* Pods_ExponeaSDKMauiIOS.framework */,
				072B08F8ADDA0AA7FDFC7AC9 /* Pods_ExponeaSDKMauiIOS_ExponeaSDKMauiIOSTests.framework */,
			);
			name = Frameworks;
			sourceTree = "<group>";
		};
/* End PBXGroup section */

/* Begin PBXHeadersBuildPhase section */
		7F417046FEB4501EF4EEA6FC /* Headers */ = {
			isa = PBXHeadersBuildPhase;
			buildActionMask = 2147483647;
			files = (
			);
			runOnlyForDeploymentPostprocessing = 0;
		};
/* End PBXHeadersBuildPhase section */

/* Begin PBXNativeTarget section */
		315601AB2A9F315900CD8F22 /* ExponeaSDKMauiIOSTests */ = {
			isa = PBXNativeTarget;
			buildConfigurationList = 315601B22A9F315A00CD8F22 /* Build configuration list for PBXNativeTarget "ExponeaSDKMauiIOSTests" */;
			buildPhases = (
				1E51F3449ABA21770874B018 /* [CP] Check Pods Manifest.lock */,
				315601A82A9F315900CD8F22 /* Sources */,
				315601A92A9F315900CD8F22 /* Frameworks */,
				315601AA2A9F315900CD8F22 /* Resources */,
				0263B3983485030E158407C6 /* [CP] Embed Pods Frameworks */,
			);
			buildRules = (
			);
			dependencies = (
				315601B12A9F315900CD8F22 /* PBXTargetDependency */,
			);
			name = ExponeaSDKMauiIOSTests;
			packageProductDependencies = (
				315601B52A9F316900CD8F22 /* Nimble */,
				315601B72A9F316900CD8F22 /* Quick */,
			);
			productName = ExponeaSDKMauiIOSTests;
			productReference = 315601AC2A9F315900CD8F22 /* ExponeaSDKMauiIOSTests.xctest */;
			productType = "com.apple.product-type.bundle.unit-test";
		};
		7F417226E66D5529EC26EB51 /* ExponeaSDKMauiIOS */ = {
			isa = PBXNativeTarget;
			buildConfigurationList = 7F417EF55465076FE0805D40 /* Build configuration list for PBXNativeTarget "ExponeaSDKMauiIOS" */;
			buildPhases = (
				86573B02099CCE11D72B2B6A /* [CP] Check Pods Manifest.lock */,
				7F417046FEB4501EF4EEA6FC /* Headers */,
				7F4171E7C84DA8E5587536F9 /* Sources */,
				7F417E0F8FA7ECD1836843ED /* Frameworks */,
				7F417F71CF0FA62CA645FB8B /* Resources */,
				550917152A8A57D100ACED6C /* Embed Frameworks */,
			);
			buildRules = (
			);
			dependencies = (
			);
			name = ExponeaSDKMauiIOS;
			productName = ExponeaSDKMauiIOS;
			productType = "com.apple.product-type.framework";
		};
/* End PBXNativeTarget section */

/* Begin PBXProject section */
		7F41786F04E986D36BE53209 /* Project object */ = {
			isa = PBXProject;
			attributes = {
				LastSwiftUpdateCheck = 1430;
				TargetAttributes = {
					315601AB2A9F315900CD8F22 = {
						CreatedOnToolsVersion = 14.3.1;
					};
					7F417226E66D5529EC26EB51 = {
						LastSwiftMigration = 1430;
					};
				};
			};
			buildConfigurationList = 7F417765BFCA5FB10149A559 /* Build configuration list for PBXProject "ExponeaSDKMauiIOS" */;
			compatibilityVersion = "Xcode 3.2";
			developmentRegion = English;
			hasScannedForEncodings = 0;
			knownRegions = (
				English,
				en,
			);
			mainGroup = 7F417479199F939F660629AF;
			packageReferences = (
				315601A22A9F2D0F00CD8F22 /* XCRemoteSwiftPackageReference "Nimble.git" */,
				315601A52A9F2D1800CD8F22 /* XCRemoteSwiftPackageReference "Quick.git" */,
			);
			productRefGroup = 7F417D112C3A4C0D5DC2DBCD /* Products */;
			projectDirPath = "";
			projectRoot = "";
			targets = (
				7F417226E66D5529EC26EB51 /* ExponeaSDKMauiIOS */,
				315601AB2A9F315900CD8F22 /* ExponeaSDKMauiIOSTests */,
			);
		};
/* End PBXProject section */

/* Begin PBXResourcesBuildPhase section */
		315601AA2A9F315900CD8F22 /* Resources */ = {
			isa = PBXResourcesBuildPhase;
			buildActionMask = 2147483647;
			files = (
			);
			runOnlyForDeploymentPostprocessing = 0;
		};
		7F417F71CF0FA62CA645FB8B /* Resources */ = {
			isa = PBXResourcesBuildPhase;
			buildActionMask = 2147483647;
			files = (
				7F417ECFF422ACA87385C7C5 /* ExponeaSDKMauiIOS.h in Resources */,
			);
			runOnlyForDeploymentPostprocessing = 0;
		};
/* End PBXResourcesBuildPhase section */

/* Begin PBXShellScriptBuildPhase section */
		0263B3983485030E158407C6 /* [CP] Embed Pods Frameworks */ = {
			isa = PBXShellScriptBuildPhase;
			buildActionMask = 2147483647;
			files = (
			);
			inputPaths = (
				"${PODS_ROOT}/Target Support Files/Pods-ExponeaSDKMauiIOS-ExponeaSDKMauiIOSTests/Pods-ExponeaSDKMauiIOS-ExponeaSDKMauiIOSTests-frameworks.sh",
				"${BUILT_PRODUCTS_DIR}/ExponeaSDK/ExponeaSDK.framework",
				"${BUILT_PRODUCTS_DIR}/ExponeaSDK-Notifications/ExponeaSDK_Notifications.framework",
				"${BUILT_PRODUCTS_DIR}/SwiftSoup/SwiftSoup.framework",
			);
			name = "[CP] Embed Pods Frameworks";
			outputPaths = (
				"${TARGET_BUILD_DIR}/${FRAMEWORKS_FOLDER_PATH}/ExponeaSDK.framework",
				"${TARGET_BUILD_DIR}/${FRAMEWORKS_FOLDER_PATH}/ExponeaSDK_Notifications.framework",
				"${TARGET_BUILD_DIR}/${FRAMEWORKS_FOLDER_PATH}/SwiftSoup.framework",
			);
			runOnlyForDeploymentPostprocessing = 0;
			shellPath = /bin/sh;
			shellScript = "\"${PODS_ROOT}/Target Support Files/Pods-ExponeaSDKMauiIOS-ExponeaSDKMauiIOSTests/Pods-ExponeaSDKMauiIOS-ExponeaSDKMauiIOSTests-frameworks.sh\"\n";
			showEnvVarsInLog = 0;
		};
		1E51F3449ABA21770874B018 /* [CP] Check Pods Manifest.lock */ = {
			isa = PBXShellScriptBuildPhase;
			buildActionMask = 2147483647;
			files = (
			);
			inputFileListPaths = (
			);
			inputPaths = (
				"${PODS_PODFILE_DIR_PATH}/Podfile.lock",
				"${PODS_ROOT}/Manifest.lock",
			);
			name = "[CP] Check Pods Manifest.lock";
			outputFileListPaths = (
			);
			outputPaths = (
				"$(DERIVED_FILE_DIR)/Pods-ExponeaSDKMauiIOS-ExponeaSDKMauiIOSTests-checkManifestLockResult.txt",
			);
			runOnlyForDeploymentPostprocessing = 0;
			shellPath = /bin/sh;
			shellScript = "diff \"${PODS_PODFILE_DIR_PATH}/Podfile.lock\" \"${PODS_ROOT}/Manifest.lock\" > /dev/null\nif [ $? != 0 ] ; then\n    # print error to STDERR\n    echo \"error: The sandbox is not in sync with the Podfile.lock. Run 'pod install' or update your CocoaPods installation.\" >&2\n    exit 1\nfi\n# This output is used by Xcode 'outputs' to avoid re-running this script phase.\necho \"SUCCESS\" > \"${SCRIPT_OUTPUT_FILE_0}\"\n";
			showEnvVarsInLog = 0;
		};
		86573B02099CCE11D72B2B6A /* [CP] Check Pods Manifest.lock */ = {
			isa = PBXShellScriptBuildPhase;
			buildActionMask = 2147483647;
			files = (
			);
			inputFileListPaths = (
			);
			inputPaths = (
				"${PODS_PODFILE_DIR_PATH}/Podfile.lock",
				"${PODS_ROOT}/Manifest.lock",
			);
			name = "[CP] Check Pods Manifest.lock";
			outputFileListPaths = (
			);
			outputPaths = (
				"$(DERIVED_FILE_DIR)/Pods-ExponeaSDKMauiIOS-checkManifestLockResult.txt",
			);
			runOnlyForDeploymentPostprocessing = 0;
			shellPath = /bin/sh;
			shellScript = "diff \"${PODS_PODFILE_DIR_PATH}/Podfile.lock\" \"${PODS_ROOT}/Manifest.lock\" > /dev/null\nif [ $? != 0 ] ; then\n    # print error to STDERR\n    echo \"error: The sandbox is not in sync with the Podfile.lock. Run 'pod install' or update your CocoaPods installation.\" >&2\n    exit 1\nfi\n# This output is used by Xcode 'outputs' to avoid re-running this script phase.\necho \"SUCCESS\" > \"${SCRIPT_OUTPUT_FILE_0}\"\n";
			showEnvVarsInLog = 0;
		};
/* End PBXShellScriptBuildPhase section */

/* Begin PBXSourcesBuildPhase section */
		315601A82A9F315900CD8F22 /* Sources */ = {
			isa = PBXSourcesBuildPhase;
			buildActionMask = 2147483647;
			files = (
				315601AF2A9F315900CD8F22 /* ExponeaSDKMauiIOSTests.swift in Sources */,
			);
			runOnlyForDeploymentPostprocessing = 0;
		};
		7F4171E7C84DA8E5587536F9 /* Sources */ = {
			isa = PBXSourcesBuildPhase;
			buildActionMask = 2147483647;
			files = (
				312E76D62AA35C0F00ECC118 /* Recommendation.swift in Sources */,
				313DA6EC2A9CA5FD00B49508 /* String.swift in Sources */,
				313DA6F42A9CC86A00B49508 /* Customer.swift in Sources */,
				550917172A8A57FA00ACED6C /* ExponeaSDK.swift in Sources */,
				312E76D42AA334E100ECC118 /* Array+JSON.swift in Sources */,
				313DA6F02A9CA70A00B49508 /* Double.swift in Sources */,
				313DA6F22A9CC47D00B49508 /* Configuration.swift in Sources */,
				313DA6E72A9C9C4E00B49508 /* ExponeaMethodType.swift in Sources */,
				313DA6E42A9C9C2900B49508 /* Optional+String.swift in Sources */,
				313DA6F62A9CD32700B49508 /* Int.swift in Sources */,
				312E76D22AA3312D00ECC118 /* Typealiases.swift in Sources */,
				312E76D02AA330D700ECC118 /* ExponeaAsyncMethodType.swift in Sources */,
				313DA6EA2A9C9C6300B49508 /* ExponeaInvokable.swift in Sources */,
				550917192A8A589600ACED6C /* MethodResult.swift in Sources */,
				313DA6EE2A9CA69300B49508 /* Bool.swift in Sources */,
			);
			runOnlyForDeploymentPostprocessing = 0;
		};
/* End PBXSourcesBuildPhase section */

/* Begin PBXTargetDependency section */
		315601B12A9F315900CD8F22 /* PBXTargetDependency */ = {
			isa = PBXTargetDependency;
			target = 7F417226E66D5529EC26EB51 /* ExponeaSDKMauiIOS */;
			targetProxy = 315601B02A9F315900CD8F22 /* PBXContainerItemProxy */;
		};
/* End PBXTargetDependency section */

/* Begin XCBuildConfiguration section */
		315601B32A9F315A00CD8F22 /* Debug */ = {
			isa = XCBuildConfiguration;
			baseConfigurationReference = 50802E7D0B373DAEDE7CF8D0 /* Pods-ExponeaSDKMauiIOS-ExponeaSDKMauiIOSTests.debug.xcconfig */;
			buildSettings = {
				BUILD_LIBRARY_FOR_DISTRIBUTION = NO;
				CODE_SIGN_STYLE = Automatic;
				CURRENT_PROJECT_VERSION = 1;
				DEVELOPMENT_TEAM = UVDCL7YSZS;
				GENERATE_INFOPLIST_FILE = YES;
				MARKETING_VERSION = 1.0;
				PRODUCT_BUNDLE_IDENTIFIER = com.exponea.maui.ios.ExponeaSDKMauiIOSTest.ExponeaSDKMauiIOSTests;
				PRODUCT_NAME = "$(TARGET_NAME)";
				SWIFT_EMIT_LOC_STRINGS = NO;
				SWIFT_VERSION = 5.0;
				TARGETED_DEVICE_FAMILY = "1,2";
			};
			name = Debug;
		};
		315601B42A9F315A00CD8F22 /* Release */ = {
			isa = XCBuildConfiguration;
			baseConfigurationReference = 7FFFEEC76A372BFF38B838A9 /* Pods-ExponeaSDKMauiIOS-ExponeaSDKMauiIOSTests.release.xcconfig */;
			buildSettings = {
				BUILD_LIBRARY_FOR_DISTRIBUTION = NO;
				CODE_SIGN_STYLE = Automatic;
				CURRENT_PROJECT_VERSION = 1;
				DEVELOPMENT_TEAM = UVDCL7YSZS;
				GENERATE_INFOPLIST_FILE = YES;
				MARKETING_VERSION = 1.0;
				PRODUCT_BUNDLE_IDENTIFIER = com.exponea.maui.ios.ExponeaSDKMauiIOSTest.ExponeaSDKMauiIOSTests;
				PRODUCT_NAME = "$(TARGET_NAME)";
				SWIFT_EMIT_LOC_STRINGS = NO;
				SWIFT_VERSION = 5.0;
				TARGETED_DEVICE_FAMILY = "1,2";
			};
			name = Release;
		};
		7F4175772B4F9B9F531E12CB /* Release */ = {
			isa = XCBuildConfiguration;
			buildSettings = {
				ALWAYS_SEARCH_USER_PATHS = NO;
				BUILD_LIBRARY_FOR_DISTRIBUTION = YES;
				CLANG_ANALYZER_NONNULL = YES;
				CLANG_ANALYZER_NUMBER_OBJECT_CONVERSION = YES_AGGRESSIVE;
				CLANG_CXX_LANGUAGE_STANDARD = "gnu++20";
				CLANG_ENABLE_MODULES = YES;
				CLANG_ENABLE_OBJC_ARC = YES;
				CLANG_ENABLE_OBJC_WEAK = YES;
				CLANG_WARN_BLOCK_CAPTURE_AUTORELEASING = YES;
				CLANG_WARN_BOOL_CONVERSION = YES;
				CLANG_WARN_COMMA = YES;
				CLANG_WARN_CONSTANT_CONVERSION = YES;
				CLANG_WARN_DEPRECATED_OBJC_IMPLEMENTATIONS = YES;
				CLANG_WARN_DIRECT_OBJC_ISA_USAGE = YES_ERROR;
				CLANG_WARN_DOCUMENTATION_COMMENTS = YES;
				CLANG_WARN_EMPTY_BODY = YES;
				CLANG_WARN_ENUM_CONVERSION = YES;
				CLANG_WARN_INFINITE_RECURSION = YES;
				CLANG_WARN_INT_CONVERSION = YES;
				CLANG_WARN_NON_LITERAL_NULL_CONVERSION = YES;
				CLANG_WARN_OBJC_IMPLICIT_RETAIN_SELF = YES;
				CLANG_WARN_OBJC_LITERAL_CONVERSION = YES;
				CLANG_WARN_OBJC_ROOT_CLASS = YES_ERROR;
				CLANG_WARN_QUOTED_INCLUDE_IN_FRAMEWORK_HEADER = YES;
				CLANG_WARN_RANGE_LOOP_ANALYSIS = YES;
				CLANG_WARN_STRICT_PROTOTYPES = YES;
				CLANG_WARN_SUSPICIOUS_MOVE = YES;
				CLANG_WARN_UNGUARDED_AVAILABILITY = YES_AGGRESSIVE;
				CLANG_WARN_UNREACHABLE_CODE = YES;
				CLANG_WARN__DUPLICATE_METHOD_MATCH = YES;
				COPY_PHASE_STRIP = NO;
				CURRENT_PROJECT_VERSION = 1;
				DEBUG_INFORMATION_FORMAT = "dwarf-with-dsym";
				ENABLE_NS_ASSERTIONS = NO;
				ENABLE_STRICT_OBJC_MSGSEND = YES;
				GCC_C_LANGUAGE_STANDARD = gnu11;
				GCC_NO_COMMON_BLOCKS = YES;
				GCC_WARN_64_TO_32_BIT_CONVERSION = YES;
				GCC_WARN_ABOUT_RETURN_TYPE = YES_ERROR;
				GCC_WARN_UNDECLARED_SELECTOR = YES;
				GCC_WARN_UNINITIALIZED_AUTOS = YES_AGGRESSIVE;
				GCC_WARN_UNUSED_FUNCTION = YES;
				GCC_WARN_UNUSED_VARIABLE = YES;
				IPHONEOS_DEPLOYMENT_TARGET = 16.4;
				MTL_ENABLE_DEBUG_INFO = NO;
				MTL_FAST_MATH = YES;
				SDKROOT = iphoneos;
				SWIFT_COMPILATION_MODE = wholemodule;
				SWIFT_OPTIMIZATION_LEVEL = "-O";
				VALIDATE_PRODUCT = YES;
				VERSIONING_SYSTEM = "apple-generic";
				VERSION_INFO_PREFIX = "";
			};
			name = Release;
		};
		7F41785B75550D7ADBAE0FD6 /* Debug */ = {
			isa = XCBuildConfiguration;
			buildSettings = {
				ALWAYS_SEARCH_USER_PATHS = NO;
				BUILD_LIBRARY_FOR_DISTRIBUTION = YES;
				CLANG_ANALYZER_NONNULL = YES;
				CLANG_ANALYZER_NUMBER_OBJECT_CONVERSION = YES_AGGRESSIVE;
				CLANG_CXX_LANGUAGE_STANDARD = "gnu++20";
				CLANG_ENABLE_MODULES = YES;
				CLANG_ENABLE_OBJC_ARC = YES;
				CLANG_ENABLE_OBJC_WEAK = YES;
				CLANG_WARN_BLOCK_CAPTURE_AUTORELEASING = YES;
				CLANG_WARN_BOOL_CONVERSION = YES;
				CLANG_WARN_COMMA = YES;
				CLANG_WARN_CONSTANT_CONVERSION = YES;
				CLANG_WARN_DEPRECATED_OBJC_IMPLEMENTATIONS = YES;
				CLANG_WARN_DIRECT_OBJC_ISA_USAGE = YES_ERROR;
				CLANG_WARN_DOCUMENTATION_COMMENTS = YES;
				CLANG_WARN_EMPTY_BODY = YES;
				CLANG_WARN_ENUM_CONVERSION = YES;
				CLANG_WARN_INFINITE_RECURSION = YES;
				CLANG_WARN_INT_CONVERSION = YES;
				CLANG_WARN_NON_LITERAL_NULL_CONVERSION = YES;
				CLANG_WARN_OBJC_IMPLICIT_RETAIN_SELF = YES;
				CLANG_WARN_OBJC_LITERAL_CONVERSION = YES;
				CLANG_WARN_OBJC_ROOT_CLASS = YES_ERROR;
				CLANG_WARN_QUOTED_INCLUDE_IN_FRAMEWORK_HEADER = YES;
				CLANG_WARN_RANGE_LOOP_ANALYSIS = YES;
				CLANG_WARN_STRICT_PROTOTYPES = YES;
				CLANG_WARN_SUSPICIOUS_MOVE = YES;
				CLANG_WARN_UNGUARDED_AVAILABILITY = YES_AGGRESSIVE;
				CLANG_WARN_UNREACHABLE_CODE = YES;
				CLANG_WARN__DUPLICATE_METHOD_MATCH = YES;
				COPY_PHASE_STRIP = NO;
				CURRENT_PROJECT_VERSION = 1;
				DEBUG_INFORMATION_FORMAT = dwarf;
				ENABLE_STRICT_OBJC_MSGSEND = YES;
				ENABLE_TESTABILITY = YES;
				GCC_C_LANGUAGE_STANDARD = gnu11;
				GCC_DYNAMIC_NO_PIC = NO;
				GCC_NO_COMMON_BLOCKS = YES;
				GCC_OPTIMIZATION_LEVEL = 0;
				GCC_PREPROCESSOR_DEFINITIONS = (
					"DEBUG=1",
					"$(inherited)",
				);
				GCC_WARN_64_TO_32_BIT_CONVERSION = YES;
				GCC_WARN_ABOUT_RETURN_TYPE = YES_ERROR;
				GCC_WARN_UNDECLARED_SELECTOR = YES;
				GCC_WARN_UNINITIALIZED_AUTOS = YES_AGGRESSIVE;
				GCC_WARN_UNUSED_FUNCTION = YES;
				GCC_WARN_UNUSED_VARIABLE = YES;
				IPHONEOS_DEPLOYMENT_TARGET = 16.4;
				MTL_ENABLE_DEBUG_INFO = INCLUDE_SOURCE;
				MTL_FAST_MATH = YES;
				ONLY_ACTIVE_ARCH = YES;
				SDKROOT = iphoneos;
				SWIFT_ACTIVE_COMPILATION_CONDITIONS = DEBUG;
				SWIFT_OPTIMIZATION_LEVEL = "-Onone";
				VERSIONING_SYSTEM = "apple-generic";
				VERSION_INFO_PREFIX = "";
			};
			name = Debug;
		};
		7F417A037C51EB49F0FE084C /* Debug */ = {
			isa = XCBuildConfiguration;
			baseConfigurationReference = 8FE8DE01E475FA739E5087DA /* Pods-ExponeaSDKMauiIOS.debug.xcconfig */;
			buildSettings = {
				CLANG_ENABLE_MODULES = YES;
				CURRENT_PROJECT_VERSION = 1;
				DEFINES_MODULE = YES;
				DYLIB_COMPATIBILITY_VERSION = 1;
				DYLIB_CURRENT_VERSION = 1;
				DYLIB_INSTALL_NAME_BASE = "@rpath";
				ENABLE_MODULE_VERIFIER = YES;
				GENERATE_INFOPLIST_FILE = YES;
				INFOPLIST_KEY_NSHumanReadableCopyright = "";
				INSTALL_PATH = "$(LOCAL_LIBRARY_DIR)/Frameworks";
				IPHONEOS_DEPLOYMENT_TARGET = 11.0;
				LD_RUNPATH_SEARCH_PATHS = (
					"$(inherited)",
					"@executable_path/Frameworks",
					"@loader_path/Frameworks",
				);
				MARKETING_VERSION = 1.0;
				MODULE_VERIFIER_SUPPORTED_LANGUAGES = "objective-c objective-c++";
				MODULE_VERIFIER_SUPPORTED_LANGUAGE_STANDARDS = "gnu11 gnu++20";
				PRODUCT_BUNDLE_IDENTIFIER = com.exponea.maui.ios.ExponeaSDKMauiIOS;
				PRODUCT_NAME = "$(TARGET_NAME:c99extidentifier)";
				SKIP_INSTALL = YES;
				SWIFT_EMIT_LOC_STRINGS = YES;
				SWIFT_OPTIMIZATION_LEVEL = "-Onone";
				SWIFT_VERSION = 5.0;
				TARGETED_DEVICE_FAMILY = "1,2";
			};
			name = Debug;
		};
		7F417A3FB8CA61557AE85C51 /* Release */ = {
			isa = XCBuildConfiguration;
			baseConfigurationReference = F0F0019F0AB992B47EED3485 /* Pods-ExponeaSDKMauiIOS.release.xcconfig */;
			buildSettings = {
				CLANG_ENABLE_MODULES = YES;
				CURRENT_PROJECT_VERSION = 1;
				DEFINES_MODULE = YES;
				DYLIB_COMPATIBILITY_VERSION = 1;
				DYLIB_CURRENT_VERSION = 1;
				DYLIB_INSTALL_NAME_BASE = "@rpath";
				ENABLE_MODULE_VERIFIER = YES;
				GENERATE_INFOPLIST_FILE = YES;
				INFOPLIST_KEY_NSHumanReadableCopyright = "";
				INSTALL_PATH = "$(LOCAL_LIBRARY_DIR)/Frameworks";
				IPHONEOS_DEPLOYMENT_TARGET = 11.0;
				LD_RUNPATH_SEARCH_PATHS = (
					"$(inherited)",
					"@executable_path/Frameworks",
					"@loader_path/Frameworks",
				);
				MARKETING_VERSION = 1.0;
				MODULE_VERIFIER_SUPPORTED_LANGUAGES = "objective-c objective-c++";
				MODULE_VERIFIER_SUPPORTED_LANGUAGE_STANDARDS = "gnu11 gnu++20";
				PRODUCT_BUNDLE_IDENTIFIER = com.exponea.maui.ios.ExponeaSDKMauiIOS;
				PRODUCT_NAME = "$(TARGET_NAME:c99extidentifier)";
				SKIP_INSTALL = YES;
				SWIFT_EMIT_LOC_STRINGS = YES;
				SWIFT_VERSION = 5.0;
				TARGETED_DEVICE_FAMILY = "1,2";
			};
			name = Release;
		};
/* End XCBuildConfiguration section */

/* Begin XCConfigurationList section */
		315601B22A9F315A00CD8F22 /* Build configuration list for PBXNativeTarget "ExponeaSDKMauiIOSTests" */ = {
			isa = XCConfigurationList;
			buildConfigurations = (
				315601B32A9F315A00CD8F22 /* Debug */,
				315601B42A9F315A00CD8F22 /* Release */,
			);
			defaultConfigurationIsVisible = 0;
			defaultConfigurationName = Release;
		};
		7F417765BFCA5FB10149A559 /* Build configuration list for PBXProject "ExponeaSDKMauiIOS" */ = {
			isa = XCConfigurationList;
			buildConfigurations = (
				7F41785B75550D7ADBAE0FD6 /* Debug */,
				7F4175772B4F9B9F531E12CB /* Release */,
			);
			defaultConfigurationIsVisible = 0;
			defaultConfigurationName = Release;
		};
		7F417EF55465076FE0805D40 /* Build configuration list for PBXNativeTarget "ExponeaSDKMauiIOS" */ = {
			isa = XCConfigurationList;
			buildConfigurations = (
				7F417A037C51EB49F0FE084C /* Debug */,
				7F417A3FB8CA61557AE85C51 /* Release */,
			);
			defaultConfigurationIsVisible = 0;
			defaultConfigurationName = Release;
		};
/* End XCConfigurationList section */

/* Begin XCRemoteSwiftPackageReference section */
		315601A22A9F2D0F00CD8F22 /* XCRemoteSwiftPackageReference "Nimble.git" */ = {
			isa = XCRemoteSwiftPackageReference;
			repositoryURL = "https://github.com/Quick/Nimble.git";
			requirement = {
				branch = main;
				kind = branch;
			};
		};
		315601A52A9F2D1800CD8F22 /* XCRemoteSwiftPackageReference "Quick.git" */ = {
			isa = XCRemoteSwiftPackageReference;
			repositoryURL = "https://github.com/Quick/Quick.git";
			requirement = {
				branch = main;
				kind = branch;
			};
		};
/* End XCRemoteSwiftPackageReference section */

/* Begin XCSwiftPackageProductDependency section */
		315601B52A9F316900CD8F22 /* Nimble */ = {
			isa = XCSwiftPackageProductDependency;
			package = 315601A22A9F2D0F00CD8F22 /* XCRemoteSwiftPackageReference "Nimble.git" */;
			productName = Nimble;
		};
		315601B72A9F316900CD8F22 /* Quick */ = {
			isa = XCSwiftPackageProductDependency;
			package = 315601A52A9F2D1800CD8F22 /* XCRemoteSwiftPackageReference "Quick.git" */;
			productName = Quick;
		};
/* End XCSwiftPackageProductDependency section */
	};
	rootObject = 7F41786F04E986D36BE53209 /* Project object */;
}
