PODS:
  - ExponeaSDK (2.17.0):
    - SwiftSoup (= 2.6.1)
  - ExponeaSDK-Notifications (2.17.0)
  - SwiftSoup (2.6.1)

DEPENDENCIES:
  - ExponeaSDK (= 2.17.0)
  - ExponeaSDK-Notifications (= 2.17.0)

SPEC REPOS:
  trunk:
    - ExponeaSDK
    - ExponeaSDK-Notifications
    - SwiftSoup

SPEC CHECKSUMS:
  ExponeaSDK: a81bec582129aa1bac7ae965450a13017437ded1
  ExponeaSDK-Notifications: 959789fa334f9ef266cb612a61ce8383e70b0839
  SwiftSoup: 5dd2c1b06afc964f30d99894af6ede22ede627aa

PODFILE CHECKSUM: 073b5e4d93180d386cb39bb0112effe9c50deac4

COCOAPODS: 1.11.3
